<?xml version="1.0" encoding="utf-8"?>
<Project ToolsVersion="4.0" xmlns="http://schemas.microsoft.com/developer/msbuild/2003">
  <ItemGroup>
    <Filter Include="Source Files">
      <UniqueIdentifier>{4FC737F1-C7A5-4376-A066-2A32D752A2FF}</UniqueIdentifier>
      <Extensions>cpp;c;cc;cxx;c++;cppm;ixx;def;odl;idl;hpj;bat;asm;asmx</Extensions>
    </Filter>
    <Filter Include="Header Files">
      <UniqueIdentifier>{93995380-89BD-4b04-88EB-625FBE52EBFB}</UniqueIdentifier>
      <Extensions>h;hh;hpp;hxx;h++;hm;inl;inc;ipp;xsd</Extensions>
    </Filter>
    <Filter Include="Resource Files">
      <UniqueIdentifier>{67DA6AB6-F800-4c08-8B7A-83BB121AAD01}</UniqueIdentifier>
      <Extensions>rc;ico;cur;bmp;dlg;rc2;rct;bin;rgs;gif;jpg;jpeg;jpe;resx;tiff;tif;png;wav;mfcribbon-ms</Extensions>
    </Filter>
  </ItemGroup>
  <ItemGroup>
    <ClCompile Include="pgn2tdb.cpp">
      <Filter>Source Files</Filter>
    </ClCompile>
    <ClCompile Include="BinDb.cpp">
      <Filter>Source Files</Filter>
    </ClCompile>
    <ClCompile Include="shim.cpp">
      <Filter>Source Files</Filter>
    </ClCompile>
    <ClCompile Include="CompactGame.cpp">
      <Filter>Source Files</Filter>
    </ClCompile>
    <ClCompile Include="CompressMoves.cpp">
      <Filter>Source Files</Filter>
    </ClCompile>
    <ClCompile Include="Lang.cpp">
      <Filter>Source Files</Filter>
    </ClCompile>
    <ClCompile Include="PgnRead.cpp">
      <Filter>Source Files</Filter>
    </ClCompile>
    <ClCompile Include="thc.cpp">
      <Filter>Source Files</Filter>
    </ClCompile>
    <ClCompile Include="PackedGame.cpp">
      <Filter>Source Files</Filter>
    </ClCompile>
    <ClCompile Include="PackedGameBinDb.cpp">
      <Filter>Source Files</Filter>
    </ClCompile>
    <ClCompile Include="GameDocument.cpp">
      <Filter>Source Files</Filter>
    </ClCompile>
    <ClCompile Include="GameView.cpp">
      <Filter>Source Files</Filter>
    </ClCompile>
    <ClCompile Include="MoveTree.cpp">
      <Filter>Source Files</Filter>
    </ClCompile>
    <ClCompile Include="GamesCache.cpp">
      <Filter>Source Files</Filter>
    </ClCompile>
    <ClCompile Include="PgnFiles.cpp">
      <Filter>Source Files</Filter>
    </ClCompile>
    <ClCompile Include="util.cpp">
      <Filter>Source Files</Filter>
    </ClCompile>
  </ItemGroup>
  <ItemGroup>
    <ClInclude Include="BinaryConversions.h">
      <Filter>Header Files</Filter>
    </ClInclude>
    <ClInclude Include="BinDb.h">
      <Filter>Header Files</Filter>
    </ClInclude>
    <ClInclude Include="CompactGame.h">
      <Filter>Header Files</Filter>
    </ClInclude>
    <ClInclude Include="CompressMoves.h">
      <Filter>Header Files</Filter>
    </ClInclude>
    <ClInclude Include="GameDocument.h">
      <Filter>Header Files</Filter>
    </ClInclude>
    <ClInclude Include="GameLifecycle.h">
      <Filter>Header Files</Filter>
    </ClInclude>
    <ClInclude Include="GamesCache.h">
      <Filter>Header Files</Filter>
    </ClInclude>
    <ClInclude Include="GameView.h">
      <Filter>Header Files</Filter>
    </ClInclude>
    <ClInclude Include="Lang.h">
      <Filter>Header Files</Filter>
    </ClInclude>
    <ClInclude Include="ListableGame.h">
      <Filter>Header Files</Filter>
    </ClInclude>
    <ClInclude Include="ListableGameBinDb.h">
      <Filter>Header Files</Filter>
    </ClInclude>
    <ClInclude Include="ListableGamePgn.h">
      <Filter>Header Files</Filter>
    </ClInclude>
    <ClInclude Include="MoveTree.h">
      <Filter>Header Files</Filter>
    </ClInclude>
    <ClInclude Include="NavigationKey.h">
      <Filter>Header Files</Filter>
    </ClInclude>
    <ClInclude Include="Objects.h">
      <Filter>Header Files</Filter>
    </ClInclude>
    <ClInclude Include="PackedGame.h">
      <Filter>Header Files</Filter>
    </ClInclude>
    <ClInclude Include="PackedGameBinDb.h">
      <Filter>Header Files</Filter>
    </ClInclude>
    <ClInclude Include="PgnFiles.h">
      <Filter>Header Files</Filter>
    </ClInclude>
    <ClInclude Include="PgnRead.h">
      <Filter>Header Files</Filter>
    </ClInclude>
    <ClInclude Include="ProgressBar.h">
      <Filter>Header Files</Filter>
    </ClInclude>
    <ClInclude Include="Repository.h">
      <Filter>Header Files</Filter>
    </ClInclude>
    <ClInclude Include="Roster.h">
      <Filter>Header Files</Filter>
    </ClInclude>
    <ClInclude Include="thc.h">
      <Filter>Header Files</Filter>
    </ClInclude>
    <ClInclude Include="util.h">
      <Filter>Header Files</Filter>
    </ClInclude>
    <ClInclude Include="shim.h">
      <Filter>Header Files</Filter>
    </ClInclude>
  </ItemGroup>
</Project>